// !$*UTF8*$!
{
	archiveVersion = 1;
	classes = {
	};
	objectVersion = 48;
	objects = {

/* Begin PBXBuildFile section */
		14C0100520BFC30C00A3F43B /* DetailTableViewCell.swift in Sources */ = {isa = PBXBuildFile; fileRef = 14C0100420BFC30C00A3F43B /* DetailTableViewCell.swift */; };
		14C0100720BFCCAD00A3F43B /* detailViewController.swift in Sources */ = {isa = PBXBuildFile; fileRef = 14C0100620BFCCAD00A3F43B /* detailViewController.swift */; };
		14C4988C20C90DEA00ADB131 /* totalViewController.swift in Sources */ = {isa = PBXBuildFile; fileRef = 14C4988B20C90DEA00ADB131 /* totalViewController.swift */; };
		14F31D2520AD462000371496 /* AppDelegate.swift in Sources */ = {isa = PBXBuildFile; fileRef = 14F31D2420AD462000371496 /* AppDelegate.swift */; };
		14F31D2A20AD462000371496 /* Main.storyboard in Resources */ = {isa = PBXBuildFile; fileRef = 14F31D2820AD462000371496 /* Main.storyboard */; };
		14F31D2C20AD462000371496 /* Assets.xcassets in Resources */ = {isa = PBXBuildFile; fileRef = 14F31D2B20AD462000371496 /* Assets.xcassets */; };
		14F31D2F20AD462000371496 /* LaunchScreen.storyboard in Resources */ = {isa = PBXBuildFile; fileRef = 14F31D2D20AD462000371496 /* LaunchScreen.storyboard */; };
		14F31D3720AD478900371496 /* FoodDeliveryTableViewController.swift in Sources */ = {isa = PBXBuildFile; fileRef = 14F31D3620AD478900371496 /* FoodDeliveryTableViewController.swift */; };
/* End PBXBuildFile section */

/* Begin PBXFileReference section */
		14C0100420BFC30C00A3F43B /* DetailTableViewCell.swift */ = {isa = PBXFileReference; lastKnownFileType = sourcecode.swift; path = DetailTableViewCell.swift; sourceTree = "<group>"; };
		14C0100620BFCCAD00A3F43B /* detailViewController.swift */ = {isa = PBXFileReference; lastKnownFileType = sourcecode.swift; path = detailViewController.swift; sourceTree = "<group>"; };
		14C4988B20C90DEA00ADB131 /* totalViewController.swift */ = {isa = PBXFileReference; lastKnownFileType = sourcecode.swift; path = totalViewController.swift; sourceTree = "<group>"; };
		14F31D2120AD461F00371496 /* DITFoodDelivery.app */ = {isa = PBXFileReference; explicitFileType = wrapper.application; includeInIndex = 0; path = DITFoodDelivery.app; sourceTree = BUILT_PRODUCTS_DIR; };
		14F31D2420AD462000371496 /* AppDelegate.swift */ = {isa = PBXFileReference; lastKnownFileType = sourcecode.swift; path = AppDelegate.swift; sourceTree = "<group>"; };
		14F31D2920AD462000371496 /* Base */ = {isa = PBXFileReference; lastKnownFileType = file.storyboard; name = Base; path = Base.lproj/Main.storyboard; sourceTree = "<group>"; };
		14F31D2B20AD462000371496 /* Assets.xcassets */ = {isa = PBXFileReference; lastKnownFileType = folder.assetcatalog; path = Assets.xcassets; sourceTree = "<group>"; };
		14F31D2E20AD462000371496 /* Base */ = {isa = PBXFileReference; lastKnownFileType = file.storyboard; name = Base; path = Base.lproj/LaunchScreen.storyboard; sourceTree = "<group>"; };
		14F31D3020AD462000371496 /* Info.plist */ = {isa = PBXFileReference; lastKnownFileType = text.plist.xml; path = Info.plist; sourceTree = "<group>"; };
		14F31D3620AD478900371496 /* FoodDeliveryTableViewController.swift */ = {isa = PBXFileReference; lastKnownFileType = sourcecode.swift; path = FoodDeliveryTableViewController.swift; sourceTree = "<group>"; };
/* End PBXFileReference section */

/* Begin PBXFrameworksBuildPhase section */
		14F31D1E20AD461F00371496 /* Frameworks */ = {
			isa = PBXFrameworksBuildPhase;
			buildActionMask = 2147483647;
			files = (
			);
			runOnlyForDeploymentPostprocessing = 0;
		};
/* End PBXFrameworksBuildPhase section */

/* Begin PBXGroup section */
		14F31D1820AD461F00371496 = {
			isa = PBXGroup;
			children = (
				14F31D2320AD461F00371496 /* DITFoodDelivery */,
				14F31D2220AD461F00371496 /* Products */,
			);
			sourceTree = "<group>";
		};
		14F31D2220AD461F00371496 /* Products */ = {
			isa = PBXGroup;
			children = (
				14F31D2120AD461F00371496 /* DITFoodDelivery.app */,
			);
			name = Products;
			sourceTree = "<group>";
		};
		14F31D2320AD461F00371496 /* DITFoodDelivery */ = {
			isa = PBXGroup;
			children = (
				14F31D2420AD462000371496 /* AppDelegate.swift */,
				14F31D3620AD478900371496 /* FoodDeliveryTableViewController.swift */,
				14F31D2820AD462000371496 /* Main.storyboard */,
				14C0100620BFCCAD00A3F43B /* detailViewController.swift */,
				14C0100420BFC30C00A3F43B /* DetailTableViewCell.swift */,
				14F31D2B20AD462000371496 /* Assets.xcassets */,
				14F31D2D20AD462000371496 /* LaunchScreen.storyboard */,
				14F31D3020AD462000371496 /* Info.plist */,
				14C4988B20C90DEA00ADB131 /* totalViewController.swift */,
			);
			path = DITFoodDelivery;
			sourceTree = "<group>";
		};
/* End PBXGroup section */

/* Begin PBXNativeTarget section */
		14F31D2020AD461F00371496 /* DITFoodDelivery */ = {
			isa = PBXNativeTarget;
			buildConfigurationList = 14F31D3320AD462000371496 /* Build configuration list for PBXNativeTarget "DITFoodDelivery" */;
			buildPhases = (
				14F31D1D20AD461F00371496 /* Sources */,
				14F31D1E20AD461F00371496 /* Frameworks */,
				14F31D1F20AD461F00371496 /* Resources */,
			);
			buildRules = (
			);
			dependencies = (
			);
			name = DITFoodDelivery;
			productName = DITFoodDelivery;
			productReference = 14F31D2120AD461F00371496 /* DITFoodDelivery.app */;
			productType = "com.apple.product-type.application";
		};
/* End PBXNativeTarget section */

/* Begin PBXProject section */
		14F31D1920AD461F00371496 /* Project object */ = {
			isa = PBXProject;
			attributes = {
				LastSwiftUpdateCheck = 0920;
				LastUpgradeCheck = 0920;
				ORGANIZATIONNAME = ksh;
				TargetAttributes = {
					14F31D2020AD461F00371496 = {
						CreatedOnToolsVersion = 9.2;
						ProvisioningStyle = Automatic;
					};
				};
			};
			buildConfigurationList = 14F31D1C20AD461F00371496 /* Build configuration list for PBXProject "DITFoodDelivery" */;
			compatibilityVersion = "Xcode 8.0";
			developmentRegion = en;
			hasScannedForEncodings = 0;
			knownRegions = (
				en,
				Base,
			);
			mainGroup = 14F31D1820AD461F00371496;
			productRefGroup = 14F31D2220AD461F00371496 /* Products */;
			projectDirPath = "";
			projectRoot = "";
			targets = (
				14F31D2020AD461F00371496 /* DITFoodDelivery */,
			);
		};
/* End PBXProject section */

/* Begin PBXResourcesBuildPhase section */
		14F31D1F20AD461F00371496 /* Resources */ = {
			isa = PBXResourcesBuildPhase;
			buildActionMask = 2147483647;
			files = (
				14F31D2F20AD462000371496 /* LaunchScreen.storyboard in Resources */,
				14F31D2C20AD462000371496 /* Assets.xcassets in Resources */,
				14F31D2A20AD462000371496 /* Main.storyboard in Resources */,
			);
			runOnlyForDeploymentPostprocessing = 0;
		};
/* End PBXResourcesBuildPhase section */

/* Begin PBXSourcesBuildPhase section */
		14F31D1D20AD461F00371496 /* Sources */ = {
			isa = PBXSourcesBuildPhase;
			buildActionMask = 2147483647;
			files = (
				14C0100520BFC30C00A3F43B /* DetailTableViewCell.swift in Sources */,
				14F31D2520AD462000371496 /* AppDelegate.swift in Sources */,
				14F31D3720AD478900371496 /* FoodDeliveryTableViewController.swift in Sources */,
				14C0100720BFCCAD00A3F43B /* detailViewController.swift in Sources */,
				14C4988C20C90DEA00ADB131 /* totalViewController.swift in Sources */,
			);
			runOnlyForDeploymentPostprocessing = 0;
		};
/* End PBXSourcesBuildPhase section */

/* Begin PBXVariantGroup section */
		14F31D2820AD462000371496 /* Main.storyboard */ = {
			isa = PBXVariantGroup;
			children = (
				14F31D2920AD462000371496 /* Base */,
			);
			name = Main.storyboard;
			sourceTree = "<group>";
		};
		14F31D2D20AD462000371496 /* LaunchScreen.storyboard */ = {
			isa = PBXVariantGroup;
			children = (
				14F31D2E20AD462000371496 /* Base */,
			);
			name = LaunchScreen.storyboard;
			sourceTree = "<group>";
		};
/* End PBXVariantGroup section */

/* Begin XCBuildConfiguration section */
		14F31D3120AD462000371496 /* Debug */ = {
			isa = XCBuildConfiguration;
			buildSettings = {
				ALWAYS_SEARCH_USER_PATHS = NO;
				CLANG_ANALYZER_NONNULL = YES;
				CLANG_ANALYZER_NUMBER_OBJECT_CONVERSION = YES_AGGRESSIVE;
				CLANG_CXX_LANGUAGE_STANDARD = "gnu++14";
				CLANG_CXX_LIBRARY = "libc++";
				CLANG_ENABLE_MODULES = YES;
				CLANG_ENABLE_OBJC_ARC = YES;
				CLANG_WARN_BLOCK_CAPTURE_AUTORELEASING = YES;
				CLANG_WARN_BOOL_CONVERSION = YES;
				CLANG_WARN_COMMA = YES;
				CLANG_WARN_CONSTANT_CONVERSION = YES;
				CLANG_WARN_DIRECT_OBJC_ISA_USAGE = YES_ERROR;
				CLANG_WARN_DOCUMENTATION_COMMENTS = YES;
				CLANG_WARN_EMPTY_BODY = YES;
				CLANG_WARN_ENUM_CONVERSION = YES;
				CLANG_WARN_INFINITE_RECURSION = YES;
				CLANG_WARN_INT_CONVERSION = YES;
				CLANG_WARN_NON_LITERAL_NULL_CONVERSION = YES;
				CLANG_WARN_OBJC_LITERAL_CONVERSION = YES;
				CLANG_WARN_OBJC_ROOT_CLASS = YES_ERROR;
				CLANG_WARN_RANGE_LOOP_ANALYSIS = YES;
				CLANG_WARN_STRICT_PROTOTYPES = YES;
				CLANG_WARN_SUSPICIOUS_MOVE = YES;
				CLANG_WARN_UNGUARDED_AVAILABILITY = YES_AGGRESSIVE;
				CLANG_WARN_UNREACHABLE_CODE = YES;
				CLANG_WARN__DUPLICATE_METHOD_MATCH = YES;
				CODE_SIGN_IDENTITY = "iPhone Developer";
				COPY_PHASE_STRIP = NO;
				DEBUG_INFORMATION_FORMAT = dwarf;
				ENABLE_STRICT_OBJC_MSGSEND = YES;
				ENABLE_TESTABILITY = YES;
				GCC_C_LANGUAGE_STANDARD = gnu11;
				GCC_DYNAMIC_NO_PIC = NO;
				GCC_NO_COMMON_BLOCKS = YES;
				GCC_OPTIMIZATION_LEVEL = 0;
				GCC_PREPROCESSOR_DEFINITIONS = (
					"DEBUG=1",
					"$(inherited)",
				);
				GCC_WARN_64_TO_32_BIT_CONVERSION = YES;
				GCC_WARN_ABOUT_RETURN_TYPE = YES_ERROR;
				GCC_WARN_UNDECLARED_SELECTOR = YES;
				GCC_WARN_UNINITIALIZED_AUTOS = YES_AGGRESSIVE;
				GCC_WARN_UNUSED_FUNCTION = YES;
				GCC_WARN_UNUSED_VARIABLE = YES;
				IPHONEOS_DEPLOYMENT_TARGET = 11.2;
				MTL_ENABLE_DEBUG_INFO = YES;
				ONLY_ACTIVE_ARCH = YES;
				SDKROOT = iphoneos;
				SWIFT_ACTIVE_COMPILATION_CONDITIONS = DEBUG;
				SWIFT_OPTIMIZATION_LEVEL = "-Onone";
			};
			name = Debug;
		};
		14F31D3220AD462000371496 /* Release */ = {
			isa = XCBuildConfiguration;
			buildSettings = {
				ALWAYS_SEARCH_USER_PATHS = NO;
				CLANG_ANALYZER_NONNULL = YES;
				CLANG_ANALYZER_NUMBER_OBJECT_CONVERSION = YES_AGGRESSIVE;
				CLANG_CXX_LANGUAGE_STANDARD = "gnu++14";
				CLANG_CXX_LIBRARY = "libc++";
				CLANG_ENABLE_MODULES = YES;
				CLANG_ENABLE_OBJC_ARC = YES;
				CLANG_WARN_BLOCK_CAPTURE_AUTORELEASING = YES;
				CLANG_WARN_BOOL_CONVERSION = YES;
				CLANG_WARN_COMMA = YES;
				CLANG_WARN_CONSTANT_CONVERSION = YES;
				CLANG_WARN_DIRECT_OBJC_ISA_USAGE = YES_ERROR;
				CLANG_WARN_DOCUMENTATION_COMMENTS = YES;
				CLANG_WARN_EMPTY_BODY = YES;
				CLANG_WARN_ENUM_CONVERSION = YES;
				CLANG_WARN_INFINITE_RECURSION = YES;
				CLANG_WARN_INT_CONVERSION = YES;
				CLANG_WARN_NON_LITERAL_NULL_CONVERSION = YES;
				CLANG_WARN_OBJC_LITERAL_CONVERSION = YES;
				CLANG_WARN_OBJC_ROOT_CLASS = YES_ERROR;
				CLANG_WARN_RANGE_LOOP_ANALYSIS = YES;
				CLANG_WARN_STRICT_PROTOTYPES = YES;
				CLANG_WARN_SUSPICIOUS_MOVE = YES;
				CLANG_WARN_UNGUARDED_AVAILABILITY = YES_AGGRESSIVE;
				CLANG_WARN_UNREACHABLE_CODE = YES;
				CLANG_WARN__DUPLICATE_METHOD_MATCH = YES;
				CODE_SIGN_IDENTITY = "iPhone Developer";
				COPY_PHASE_STRIP = NO;
				DEBUG_INFORMATION_FORMAT = "dwarf-with-dsym";
				ENABLE_NS_ASSERTIONS = NO;
				ENABLE_STRICT_OBJC_MSGSEND = YES;
				GCC_C_LANGUAGE_STANDARD = gnu11;
				GCC_NO_COMMON_BLOCKS = YES;
				GCC_WARN_64_TO_32_BIT_CONVERSION = YES;
				GCC_WARN_ABOUT_RETURN_TYPE = YES_ERROR;
				GCC_WARN_UNDECLARED_SELECTOR = YES;
				GCC_WARN_UNINITIALIZED_AUTOS = YES_AGGRESSIVE;
				GCC_WARN_UNUSED_FUNCTION = YES;
				GCC_WARN_UNUSED_VARIABLE = YES;
				IPHONEOS_DEPLOYMENT_TARGET = 11.2;
				MTL_ENABLE_DEBUG_INFO = NO;
				SDKROOT = iphoneos;
				SWIFT_OPTIMIZATION_LEVEL = "-Owholemodule";
				VALIDATE_PRODUCT = YES;
			};
			name = Release;
		};
		14F31D3420AD462000371496 /* Debug */ = {
			isa = XCBuildConfiguration;
			buildSettings = {
				ASSETCATALOG_COMPILER_APPICON_NAME = AppIcon;
				CODE_SIGN_STYLE = Automatic;
				INFOPLIST_FILE = DITFoodDelivery/Info.plist;
				LD_RUNPATH_SEARCH_PATHS = "$(inherited) @executable_path/Frameworks";
				PRODUCT_BUNDLE_IDENTIFIER = kr.ac.ditapps.DITFoodDelivery;
				PRODUCT_NAME = "$(TARGET_NAME)";
				SWIFT_VERSION = 4.0;
				TARGETED_DEVICE_FAMILY = "1,2";
			};
			name = Debug;
		};
		14F31D3520AD462000371496 /* Release */ = {
			isa = XCBuildConfiguration;
			buildSettings = {
				ASSETCATALOG_COMPILER_APPICON_NAME = AppIcon;
				CODE_SIGN_STYLE = Automatic;
				INFOPLIST_FILE = DITFoodDelivery/Info.plist;
				LD_RUNPATH_SEARCH_PATHS = "$(inherited) @executable_path/Frameworks";
				PRODUCT_BUNDLE_IDENTIFIER = kr.ac.ditapps.DITFoodDelivery;
				PRODUCT_NAME = "$(TARGET_NAME)";
				SWIFT_VERSION = 4.0;
				TARGETED_DEVICE_FAMILY = "1,2";
			};
			name = Release;
		};
/* End XCBuildConfiguration section */

/* Begin XCConfigurationList section */
		14F31D1C20AD461F00371496 /* Build configuration list for PBXProject "DITFoodDelivery" */ = {
			isa = XCConfigurationList;
			buildConfigurations = (
				14F31D3120AD462000371496 /* Debug */,
				14F31D3220AD462000371496 /* Release */,
			);
			defaultConfigurationIsVisible = 0;
			defaultConfigurationName = Release;
		};
		14F31D3320AD462000371496 /* Build configuration list for PBXNativeTarget "DITFoodDelivery" */ = {
			isa = XCConfigurationList;
			buildConfigurations = (
				14F31D3420AD462000371496 /* Debug */,
				14F31D3520AD462000371496 /* Release */,
			);
			defaultConfigurationIsVisible = 0;
			defaultConfigurationName = Release;
		};
/* End XCConfigurationList section */
	};
	rootObject = 14F31D1920AD461F00371496 /* Project object */;
}
